// !$*UTF8*$!
{
	archiveVersion = 1;
	classes = {
	};
	objectVersion = 46;
	objects = {

/* Begin PBXBuildFile section */
		72F508CF1399CC2A003DFA1F /* UIKit.framework in Frameworks */ = {isa = PBXBuildFile; fileRef = 72F508CE1399CC2A003DFA1F /* UIKit.framework */; };
		72F508D11399CC2A003DFA1F /* Foundation.framework in Frameworks */ = {isa = PBXBuildFile; fileRef = 72F508D01399CC2A003DFA1F /* Foundation.framework */; };
		72F508D31399CC2A003DFA1F /* CoreGraphics.framework in Frameworks */ = {isa = PBXBuildFile; fileRef = 72F508D21399CC2A003DFA1F /* CoreGraphics.framework */; };
		72F508D91399CC2A003DFA1F /* InfoPlist.strings in Resources */ = {isa = PBXBuildFile; fileRef = 72F508D71399CC2A003DFA1F /* InfoPlist.strings */; };
		72F508E21399CC2A003DFA1F /* MainStoryboard_iPhone.storyboard in Resources */ = {isa = PBXBuildFile; fileRef = 72F508E01399CC2A003DFA1F /* MainStoryboard_iPhone.storyboard */; };
		72F508E51399CC2A003DFA1F /* MainStoryboard_iPad.storyboard in Resources */ = {isa = PBXBuildFile; fileRef = 72F508E31399CC2A003DFA1F /* MainStoryboard_iPad.storyboard */; };
		72F509361399DD83003DFA1F /* AVFoundation.framework in Frameworks */ = {isa = PBXBuildFile; fileRef = 72F509351399DD83003DFA1F /* AVFoundation.framework */; };
		72F509381399DD88003DFA1F /* AssetsLibrary.framework in Frameworks */ = {isa = PBXBuildFile; fileRef = 72F509371399DD88003DFA1F /* AssetsLibrary.framework */; };
		72F5093A1399DD9C003DFA1F /* CoreMedia.framework in Frameworks */ = {isa = PBXBuildFile; fileRef = 72F509391399DD9C003DFA1F /* CoreMedia.framework */; };
		D7B71F951A90CB90001DA7D5 /* StopNGoAppDelegate.swift in Sources */ = {isa = PBXBuildFile; fileRef = D7B71F941A90CB90001DA7D5 /* StopNGoAppDelegate.swift */; };
		D7CC1A3F1A8E5E02007B6655 /* Default-568h@2x.png in Resources */ = {isa = PBXBuildFile; fileRef = D7CC1A3E1A8E5E02007B6655 /* Default-568h@2x.png */; };
		D7CC1A441A8EC003007B6655 /* StopNGoViewController.swift in Sources */ = {isa = PBXBuildFile; fileRef = D7CC1A431A8EC003007B6655 /* StopNGoViewController.swift */; };
/* End PBXBuildFile section */

/* Begin PBXFileReference section */
		72F508CA1399CC2A003DFA1F /* StopNGo.app */ = {isa = PBXFileReference; explicitFileType = wrapper.application; includeInIndex = 0; path = StopNGo.app; sourceTree = BUILT_PRODUCTS_DIR; };
		72F508CE1399CC2A003DFA1F /* UIKit.framework */ = {isa = PBXFileReference; lastKnownFileType = wrapper.framework; name = UIKit.framework; path = System/Library/Frameworks/UIKit.framework; sourceTree = SDKROOT; };
		72F508D01399CC2A003DFA1F /* Foundation.framework */ = {isa = PBXFileReference; lastKnownFileType = wrapper.framework; name = Foundation.framework; path = System/Library/Frameworks/Foundation.framework; sourceTree = SDKROOT; };
		72F508D21399CC2A003DFA1F /* CoreGraphics.framework */ = {isa = PBXFileReference; lastKnownFileType = wrapper.framework; name = CoreGraphics.framework; path = System/Library/Frameworks/CoreGraphics.framework; sourceTree = SDKROOT; };
		72F508D61399CC2A003DFA1F /* StopNGo-Info.plist */ = {isa = PBXFileReference; lastKnownFileType = text.plist.xml; path = "StopNGo-Info.plist"; sourceTree = "<group>"; };
		72F508D81399CC2A003DFA1F /* en */ = {isa = PBXFileReference; lastKnownFileType = text.plist.strings; name = en; path = en.lproj/InfoPlist.strings; sourceTree = "<group>"; };
		72F508E11399CC2A003DFA1F /* en */ = {isa = PBXFileReference; lastKnownFileType = file.storyboard; name = en; path = en.lproj/MainStoryboard_iPhone.storyboard; sourceTree = "<group>"; };
		72F508E41399CC2A003DFA1F /* en */ = {isa = PBXFileReference; lastKnownFileType = file.storyboard; name = en; path = en.lproj/MainStoryboard_iPad.storyboard; sourceTree = "<group>"; };
		72F509351399DD83003DFA1F /* AVFoundation.framework */ = {isa = PBXFileReference; lastKnownFileType = wrapper.framework; name = AVFoundation.framework; path = System/Library/Frameworks/AVFoundation.framework; sourceTree = SDKROOT; };
		72F509371399DD88003DFA1F /* AssetsLibrary.framework */ = {isa = PBXFileReference; lastKnownFileType = wrapper.framework; name = AssetsLibrary.framework; path = System/Library/Frameworks/AssetsLibrary.framework; sourceTree = SDKROOT; };
		72F509391399DD9C003DFA1F /* CoreMedia.framework */ = {isa = PBXFileReference; lastKnownFileType = wrapper.framework; name = CoreMedia.framework; path = System/Library/Frameworks/CoreMedia.framework; sourceTree = SDKROOT; };
		D7B71F941A90CB90001DA7D5 /* StopNGoAppDelegate.swift */ = {isa = PBXFileReference; fileEncoding = 4; lastKnownFileType = sourcecode.swift; path = StopNGoAppDelegate.swift; sourceTree = "<group>"; };
		D7B71F961A90CDA4001DA7D5 /* README.md */ = {isa = PBXFileReference; fileEncoding = 4; lastKnownFileType = net.daringfireball.markdown; path = README.md; sourceTree = "<group>"; };
		D7CC1A3E1A8E5E02007B6655 /* Default-568h@2x.png */ = {isa = PBXFileReference; lastKnownFileType = image.png; path = "Default-568h@2x.png"; sourceTree = "<group>"; };
		D7CC1A401A8E5E4A007B6655 /* ReadMe.txt */ = {isa = PBXFileReference; fileEncoding = 4; lastKnownFileType = text; path = ReadMe.txt; sourceTree = "<group>"; };
		D7CC1A431A8EC003007B6655 /* StopNGoViewController.swift */ = {isa = PBXFileReference; fileEncoding = 4; lastKnownFileType = sourcecode.swift; path = StopNGoViewController.swift; sourceTree = "<group>"; };
/* End PBXFileReference section */

/* Begin PBXFrameworksBuildPhase section */
		72F508C71399CC2A003DFA1F /* Frameworks */ = {
			isa = PBXFrameworksBuildPhase;
			buildActionMask = 2147483647;
			files = (
				72F5093A1399DD9C003DFA1F /* CoreMedia.framework in Frameworks */,
				72F509381399DD88003DFA1F /* AssetsLibrary.framework in Frameworks */,
				72F509361399DD83003DFA1F /* AVFoundation.framework in Frameworks */,
				72F508CF1399CC2A003DFA1F /* UIKit.framework in Frameworks */,
				72F508D11399CC2A003DFA1F /* Foundation.framework in Frameworks */,
				72F508D31399CC2A003DFA1F /* CoreGraphics.framework in Frameworks */,
			);
			runOnlyForDeploymentPostprocessing = 0;
		};
/* End PBXFrameworksBuildPhase section */

/* Begin PBXGroup section */
		72F508BF1399CC2A003DFA1F = {
			isa = PBXGroup;
			children = (
				D7CC1A401A8E5E4A007B6655 /* ReadMe.txt */,
				D7B71F961A90CDA4001DA7D5 /* README.md */,
				D7CC1A3E1A8E5E02007B6655 /* Default-568h@2x.png */,
				72F508D41399CC2A003DFA1F /* StopNGo */,
				72F508CD1399CC2A003DFA1F /* Frameworks */,
				72F508CB1399CC2A003DFA1F /* Products */,
			);
			sourceTree = "<group>";
		};
		72F508CB1399CC2A003DFA1F /* Products */ = {
			isa = PBXGroup;
			children = (
				72F508CA1399CC2A003DFA1F /* StopNGo.app */,
			);
			name = Products;
			sourceTree = "<group>";
		};
		72F508CD1399CC2A003DFA1F /* Frameworks */ = {
			isa = PBXGroup;
			children = (
				72F509391399DD9C003DFA1F /* CoreMedia.framework */,
				72F509371399DD88003DFA1F /* AssetsLibrary.framework */,
				72F509351399DD83003DFA1F /* AVFoundation.framework */,
				72F508CE1399CC2A003DFA1F /* UIKit.framework */,
				72F508D01399CC2A003DFA1F /* Foundation.framework */,
				72F508D21399CC2A003DFA1F /* CoreGraphics.framework */,
			);
			name = Frameworks;
			sourceTree = "<group>";
		};
		72F508D41399CC2A003DFA1F /* StopNGo */ = {
			isa = PBXGroup;
			children = (
				D7B71F941A90CB90001DA7D5 /* StopNGoAppDelegate.swift */,
				72F508E01399CC2A003DFA1F /* MainStoryboard_iPhone.storyboard */,
				72F508E31399CC2A003DFA1F /* MainStoryboard_iPad.storyboard */,
				D7CC1A431A8EC003007B6655 /* StopNGoViewController.swift */,
				72F508D51399CC2A003DFA1F /* Supporting Files */,
			);
			path = StopNGo;
			sourceTree = "<group>";
		};
		72F508D51399CC2A003DFA1F /* Supporting Files */ = {
			isa = PBXGroup;
			children = (
				72F508D61399CC2A003DFA1F /* StopNGo-Info.plist */,
				72F508D71399CC2A003DFA1F /* InfoPlist.strings */,
			);
			name = "Supporting Files";
			sourceTree = "<group>";
		};
/* End PBXGroup section */

/* Begin PBXNativeTarget section */
		72F508C91399CC2A003DFA1F /* StopNGo */ = {
			isa = PBXNativeTarget;
			buildConfigurationList = 72F508EC1399CC2A003DFA1F /* Build configuration list for PBXNativeTarget "StopNGo" */;
			buildPhases = (
				72F508C61399CC2A003DFA1F /* Sources */,
				72F508C71399CC2A003DFA1F /* Frameworks */,
				72F508C81399CC2A003DFA1F /* Resources */,
			);
			buildRules = (
			);
			dependencies = (
			);
			name = StopNGo;
			productName = StopNGo;
			productReference = 72F508CA1399CC2A003DFA1F /* StopNGo.app */;
			productType = "com.apple.product-type.application";
		};
/* End PBXNativeTarget section */

/* Begin PBXProject section */
		72F508C11399CC2A003DFA1F /* Project object */ = {
			isa = PBXProject;
			attributes = {
				LastSwiftUpdateCheck = 0700;
				LastUpgradeCheck = 0820;
				TargetAttributes = {
					72F508C91399CC2A003DFA1F = {
						DevelopmentTeam = D9ACCH3T4Y;
						LastSwiftMigration = 0820;
					};
				};
			};
			buildConfigurationList = 72F508C41399CC2A003DFA1F /* Build configuration list for PBXProject "StopNGo" */;
			compatibilityVersion = "Xcode 3.2";
			developmentRegion = English;
			hasScannedForEncodings = 0;
			knownRegions = (
				en,
			);
			mainGroup = 72F508BF1399CC2A003DFA1F;
			productRefGroup = 72F508CB1399CC2A003DFA1F /* Products */;
			projectDirPath = "";
			projectRoot = "";
			targets = (
				72F508C91399CC2A003DFA1F /* StopNGo */,
			);
		};
/* End PBXProject section */

/* Begin PBXResourcesBuildPhase section */
		72F508C81399CC2A003DFA1F /* Resources */ = {
			isa = PBXResourcesBuildPhase;
			buildActionMask = 2147483647;
			files = (
				72F508D91399CC2A003DFA1F /* InfoPlist.strings in Resources */,
				72F508E21399CC2A003DFA1F /* MainStoryboard_iPhone.storyboard in Resources */,
				72F508E51399CC2A003DFA1F /* MainStoryboard_iPad.storyboard in Resources */,
				D7CC1A3F1A8E5E02007B6655 /* Default-568h@2x.png in Resources */,
			);
			runOnlyForDeploymentPostprocessing = 0;
		};
/* End PBXResourcesBuildPhase section */

/* Begin PBXSourcesBuildPhase section */
		72F508C61399CC2A003DFA1F /* Sources */ = {
			isa = PBXSourcesBuildPhase;
			buildActionMask = 2147483647;
			files = (
				D7B71F951A90CB90001DA7D5 /* StopNGoAppDelegate.swift in Sources */,
				D7CC1A441A8EC003007B6655 /* StopNGoViewController.swift in Sources */,
			);
			runOnlyForDeploymentPostprocessing = 0;
		};
/* End PBXSourcesBuildPhase section */

/* Begin PBXVariantGroup section */
		72F508D71399CC2A003DFA1F /* InfoPlist.strings */ = {
			isa = PBXVariantGroup;
			children = (
				72F508D81399CC2A003DFA1F /* en */,
			);
			name = InfoPlist.strings;
			sourceTree = "<group>";
		};
		72F508E01399CC2A003DFA1F /* MainStoryboard_iPhone.storyboard */ = {
			isa = PBXVariantGroup;
			children = (
				72F508E11399CC2A003DFA1F /* en */,
			);
			name = MainStoryboard_iPhone.storyboard;
			sourceTree = "<group>";
		};
		72F508E31399CC2A003DFA1F /* MainStoryboard_iPad.storyboard */ = {
			isa = PBXVariantGroup;
			children = (
				72F508E41399CC2A003DFA1F /* en */,
			);
			name = MainStoryboard_iPad.storyboard;
			sourceTree = "<group>";
		};
/* End PBXVariantGroup section */

/* Begin XCBuildConfiguration section */
		72F508EA1399CC2A003DFA1F /* Debug */ = {
			isa = XCBuildConfiguration;
			buildSettings = {
				ALWAYS_SEARCH_USER_PATHS = NO;
				CLANG_ENABLE_OBJC_ARC = YES;
				CLANG_WARN_BOOL_CONVERSION = YES;
				CLANG_WARN_CONSTANT_CONVERSION = YES;
				CLANG_WARN_EMPTY_BODY = YES;
				CLANG_WARN_ENUM_CONVERSION = YES;
				CLANG_WARN_INFINITE_RECURSION = YES;
				CLANG_WARN_INT_CONVERSION = YES;
				CLANG_WARN_SUSPICIOUS_MOVE = YES;
				CLANG_WARN_UNREACHABLE_CODE = YES;
				CLANG_WARN__DUPLICATE_METHOD_MATCH = YES;
				CODE_SIGN_IDENTITY = "iPhone Developer";
				"CODE_SIGN_IDENTITY[sdk=iphoneos*]" = "iPhone Developer";
				COPY_PHASE_STRIP = NO;
				ENABLE_STRICT_OBJC_MSGSEND = YES;
				ENABLE_TESTABILITY = YES;
				GCC_C_LANGUAGE_STANDARD = gnu99;
				GCC_DYNAMIC_NO_PIC = NO;
				GCC_NO_COMMON_BLOCKS = YES;
				GCC_OPTIMIZATION_LEVEL = 0;
				GCC_PREPROCESSOR_DEFINITIONS = (
					"DEBUG=1",
					"$(inherited)",
				);
				GCC_SYMBOLS_PRIVATE_EXTERN = NO;
				GCC_VERSION = com.apple.compilers.llvm.clang.1_0;
				GCC_WARN_64_TO_32_BIT_CONVERSION = YES;
				GCC_WARN_ABOUT_MISSING_PROTOTYPES = YES;
				GCC_WARN_ABOUT_RETURN_TYPE = YES;
				GCC_WARN_UNDECLARED_SELECTOR = YES;
				GCC_WARN_UNINITIALIZED_AUTOS = YES;
				GCC_WARN_UNUSED_FUNCTION = YES;
				GCC_WARN_UNUSED_VARIABLE = YES;
				IPHONEOS_DEPLOYMENT_TARGET = 8.0;
				ONLY_ACTIVE_ARCH = YES;
				PROVISIONING_PROFILE = "";
				SDKROOT = iphoneos;
				TARGETED_DEVICE_FAMILY = "1,2";
			};
			name = Debug;
		};
		72F508EB1399CC2A003DFA1F /* Release */ = {
			isa = XCBuildConfiguration;
			buildSettings = {
				ALWAYS_SEARCH_USER_PATHS = NO;
				CLANG_ENABLE_OBJC_ARC = YES;
				CLANG_WARN_BOOL_CONVERSION = YES;
				CLANG_WARN_CONSTANT_CONVERSION = YES;
				CLANG_WARN_EMPTY_BODY = YES;
				CLANG_WARN_ENUM_CONVERSION = YES;
				CLANG_WARN_INFINITE_RECURSION = YES;
				CLANG_WARN_INT_CONVERSION = YES;
				CLANG_WARN_SUSPICIOUS_MOVE = YES;
				CLANG_WARN_UNREACHABLE_CODE = YES;
				CLANG_WARN__DUPLICATE_METHOD_MATCH = YES;
				CODE_SIGN_IDENTITY = "iPhone Developer";
				"CODE_SIGN_IDENTITY[sdk=iphoneos*]" = "iPhone Developer";
				COPY_PHASE_STRIP = YES;
				ENABLE_STRICT_OBJC_MSGSEND = YES;
				GCC_C_LANGUAGE_STANDARD = gnu99;
				GCC_NO_COMMON_BLOCKS = YES;
				GCC_VERSION = com.apple.compilers.llvm.clang.1_0;
				GCC_WARN_64_TO_32_BIT_CONVERSION = YES;
				GCC_WARN_ABOUT_MISSING_PROTOTYPES = YES;
				GCC_WARN_ABOUT_RETURN_TYPE = YES;
				GCC_WARN_UNDECLARED_SELECTOR = YES;
				GCC_WARN_UNINITIALIZED_AUTOS = YES;
				GCC_WARN_UNUSED_FUNCTION = YES;
				GCC_WARN_UNUSED_VARIABLE = YES;
				IPHONEOS_DEPLOYMENT_TARGET = 8.0;
				OTHER_CFLAGS = "-DNS_BLOCK_ASSERTIONS=1";
				PROVISIONING_PROFILE = "";
				SDKROOT = iphoneos;
				SWIFT_OPTIMIZATION_LEVEL = "-Owholemodule";
				TARGETED_DEVICE_FAMILY = "1,2";
				VALIDATE_PRODUCT = YES;
			};
			name = Release;
		};
		72F508ED1399CC2A003DFA1F /* Debug */ = {
			isa = XCBuildConfiguration;
			buildSettings = {
				CLANG_ENABLE_MODULES = YES;
				DEVELOPMENT_TEAM = D9ACCH3T4Y;
				GCC_PRECOMPILE_PREFIX_HEADER = YES;
				GCC_PREFIX_HEADER = "StopNGo/StopNGo-Prefix.pch";
				INFOPLIST_FILE = "StopNGo/StopNGo-Info.plist";
				IPHONEOS_DEPLOYMENT_TARGET = 8.0;
				LD_RUNPATH_SEARCH_PATHS = "$(inherited) @executable_path/Frameworks";
				PRODUCT_BUNDLE_IDENTIFIER = "com.apple.${PRODUCT_NAME:rfc1034identifier}";
				PRODUCT_NAME = "$(TARGET_NAME)";
				SWIFT_OPTIMIZATION_LEVEL = "-Onone";
				SWIFT_VERSION = 3.0;
				WRAPPER_EXTENSION = app;
			};
			name = Debug;
		};
		72F508EE1399CC2A003DFA1F /* Release */ = {
			isa = XCBuildConfiguration;
			buildSettings = {
				CLANG_ENABLE_MODULES = YES;
				DEVELOPMENT_TEAM = D9ACCH3T4Y;
				GCC_PRECOMPILE_PREFIX_HEADER = YES;
				GCC_PREFIX_HEADER = "StopNGo/StopNGo-Prefix.pch";
				INFOPLIST_FILE = "StopNGo/StopNGo-Info.plist";
				IPHONEOS_DEPLOYMENT_TARGET = 8.0;
				LD_RUNPATH_SEARCH_PATHS = "$(inherited) @executable_path/Frameworks";
				PRODUCT_BUNDLE_IDENTIFIER = "com.apple.${PRODUCT_NAME:rfc1034identifier}";
				PRODUCT_NAME = "$(TARGET_NAME)";
				SWIFT_VERSION = 3.0;
				WRAPPER_EXTENSION = app;
			};
			name = Release;
		};
/* End XCBuildConfiguration section */

/* Begin XCConfigurationList section */
		72F508C41399CC2A003DFA1F /* Build configuration list for PBXProject "StopNGo" */ = {
			isa = XCConfigurationList;
			buildConfigurations = (
				72F508EA1399CC2A003DFA1F /* Debug */,
				72F508EB1399CC2A003DFA1F /* Release */,
			);
			defaultConfigurationIsVisible = 0;
			defaultConfigurationName = Release;
		};
		72F508EC1399CC2A003DFA1F /* Build configuration list for PBXNativeTarget "StopNGo" */ = {
			isa = XCConfigurationList;
			buildConfigurations = (
				72F508ED1399CC2A003DFA1F /* Debug */,
				72F508EE1399CC2A003DFA1F /* Release */,
			);
			defaultConfigurationIsVisible = 0;
			defaultConfigurationName = Release;
		};
/* End XCConfigurationList section */
	};
	rootObject = 72F508C11399CC2A003DFA1F /* Project object */;
}
